{
  "name": "learnalyze-agent-repo",
  "version": "0.1.0",
  "lockfileVersion": 3,
  "requires": true,
  "packages": {
    "": {
      "name": "learnalyze-agent-repo",
      "version": "0.1.0",
      "workspaces": [
        "agent_control_plane"
      ]
    },
    "agent_control_plane": {
      "name": "arx-agent-control-plane-ui",
      "version": "0.1.0"
    },
    "node_modules/arx-agent-control-plane-ui": {
      "resolved": "agent_control_plane",
      "link": true
    }
  }
}
